
Microsoft Visual Studio Solution File, Format Version 12.00
# Visual Studio Version 17
VisualStudioVersion = 17.13.35931.197
MinimumVisualStudioVersion = 10.0.40219.1
Project("{FAE04EC0-301F-11D3-BF4B-00C04F79EFBC}") = "Proyecto2Grupo1_C2", "Proyecto2Grupo1_C2.csproj", "{6A57BFA9-67E3-4024-A81A-DC7136FD5F52}"
EndProject
Global
	GlobalSection(SolutionConfigurationPlatforms) = preSolution
		Debug|Any CPU = Debug|Any CPU
		Release|Any CPU = Release|Any CPU
	EndGlobalSection
	GlobalSection(ProjectConfigurationPlatforms) = postSolution
		{6A57BFA9-67E3-4024-A81A-DC7136FD5F52}.Debug|Any CPU.ActiveCfg = Debug|Any CPU
		{6A57BFA9-67E3-4024-A81A-DC7136FD5F52}.Debug|Any CPU.Build.0 = Debug|Any CPU
		{6A57BFA9-67E3-4024-A81A-DC7136FD5F52}.Release|Any CPU.ActiveCfg = Release|Any CPU
		{6A57BFA9-67E3-4024-A81A-DC7136FD5F52}.Release|Any CPU.Build.0 = Release|Any CPU
	EndGlobalSection
	GlobalSection(SolutionProperties) = preSolution
		HideSolutionNode = FALSE
	EndGlobalSection
	GlobalSection(ExtensibilityGlobals) = postSolution
		SolutionGuid = {2133C103-A26E-4C8F-B1DA-10D9E94B440E}
	EndGlobalSection
EndGlobal
